
Microsoft Visual Studio Solution File, Format Version 12.00
# Visual Studio Version 17
VisualStudioVersion = 17.11.35222.181
MinimumVisualStudioVersion = 10.0.40219.1
Project("{FAE04EC0-301F-11D3-BF4B-00C04F79EFBC}") = "Test", "Test\Test.csproj", "{404D529F-D8AB-445E-94CF-C52C10F59DF4}"
EndProject
Global
	GlobalSection(SolutionConfigurationPlatforms) = preSolution
		Debug|Any CPU = Debug|Any CPU
		Release|Any CPU = Release|Any CPU
	EndGlobalSection
	GlobalSection(ProjectConfigurationPlatforms) = postSolution
		{404D529F-D8AB-445E-94CF-C52C10F59DF4}.Debug|Any CPU.ActiveCfg = Debug|Any CPU
		{404D529F-D8AB-445E-94CF-C52C10F59DF4}.Debug|Any CPU.Build.0 = Debug|Any CPU
		{404D529F-D8AB-445E-94CF-C52C10F59DF4}.Release|Any CPU.ActiveCfg = Release|Any CPU
		{404D529F-D8AB-445E-94CF-C52C10F59DF4}.Release|Any CPU.Build.0 = Release|Any CPU
	EndGlobalSection
	GlobalSection(SolutionProperties) = preSolution
		HideSolutionNode = FALSE
	EndGlobalSection
	GlobalSection(ExtensibilityGlobals) = postSolution
		SolutionGuid = {90F9F7A0-4EB8-4DAC-AAC3-3357FA0B8EA3}
	EndGlobalSection
EndGlobal
